// !$*UTF8*$!
{
	archiveVersion = 1;
	classes = {
	};
	objectVersion = 77;
	objects = {

/* Begin PBXContainerItemProxy section */
		67C50C012E0483AC006C4306 /* PBXContainerItemProxy */ = {
			isa = PBXContainerItemProxy;
			containerPortal = 67C50BEB2E0483A9006C4306 /* Project object */;
			proxyType = 1;
			remoteGlobalIDString = 67C50BF22E0483AA006C4306;
			remoteInfo = PhiDoor;
		};
		67C50C0B2E0483AC006C4306 /* PBXContainerItemProxy */ = {
			isa = PBXContainerItemProxy;
			containerPortal = 67C50BEB2E0483A9006C4306 /* Project object */;
			proxyType = 1;
			remoteGlobalIDString = 67C50BF22E0483AA006C4306;
			remoteInfo = PhiDoor;
		};
/* End PBXContainerItemProxy section */

/* Begin PBXFileReference section */
		67C50BF32E0483AA006C4306 /* PhiDoor.app */ = {isa = PBXFileReference; explicitFileType = wrapper.application; includeInIndex = 0; path = PhiDoor.app; sourceTree = BUILT_PRODUCTS_DIR; };
		67C50C002E0483AC006C4306 /* PhiDoorTests.xctest */ = {isa = PBXFileReference; explicitFileType = wrapper.cfbundle; includeInIndex = 0; path = PhiDoorTests.xctest; sourceTree = BUILT_PRODUCTS_DIR; };
		67C50C0A2E0483AC006C4306 /* PhiDoorUITests.xctest */ = {isa = PBXFileReference; explicitFileType = wrapper.cfbundle; includeInIndex = 0; path = PhiDoorUITests.xctest; sourceTree = BUILT_PRODUCTS_DIR; };
/* End PBXFileReference section */

/* Begin PBXFileSystemSynchronizedRootGroup section */
		67C50BF52E0483AA006C4306 /* PhiDoor */ = {
			isa = PBXFileSystemSynchronizedRootGroup;
			path = PhiDoor;
			sourceTree = "<group>";
		};
		67C50C032E0483AC006C4306 /* PhiDoorTests */ = {
			isa = PBXFileSystemSynchronizedRootGroup;
			path = PhiDoorTests;
			sourceTree = "<group>";
		};
		67C50C0D2E0483AC006C4306 /* PhiDoorUITests */ = {
			isa = PBXFileSystemSynchronizedRootGroup;
			path = PhiDoorUITests;
			sourceTree = "<group>";
		};
/* End PBXFileSystemSynchronizedRootGroup section */

/* Begin PBXFrameworksBuildPhase section */
		67C50BF02E0483AA006C4306 /* Frameworks */ = {
			isa = PBXFrameworksBuildPhase;
			buildActionMask = 2147483647;
			files = (
			);
			runOnlyForDeploymentPostprocessing = 0;
		};
		67C50BFD2E0483AC006C4306 /* Frameworks */ = {
			isa = PBXFrameworksBuildPhase;
			buildActionMask = 2147483647;
			files = (
			);
			runOnlyForDeploymentPostprocessing = 0;
		};
		67C50C072E0483AC006C4306 /* Frameworks */ = {
			isa = PBXFrameworksBuildPhase;
			buildActionMask = 2147483647;
			files = (
			);
			runOnlyForDeploymentPostprocessing = 0;
		};
/* End PBXFrameworksBuildPhase section */

/* Begin PBXGroup section */
		67C50BEA2E0483A9006C4306 = {
			isa = PBXGroup;
			children = (
				67C50BF52E0483AA006C4306 /* PhiDoor */,
				67C50C032E0483AC006C4306 /* PhiDoorTests */,
				67C50C0D2E0483AC006C4306 /* PhiDoorUITests */,
				67C50BF42E0483AA006C4306 /* Products */,
			);
			sourceTree = "<group>";
		};
		67C50BF42E0483AA006C4306 /* Products */ = {
			isa = PBXGroup;
			children = (
				67C50BF32E0483AA006C4306 /* PhiDoor.app */,
				67C50C002E0483AC006C4306 /* PhiDoorTests.xctest */,
				67C50C0A2E0483AC006C4306 /* PhiDoorUITests.xctest */,
			);
			name = Products;
			sourceTree = "<group>";
		};
/* End PBXGroup section */

/* Begin PBXNativeTarget section */
		67C50BF22E0483AA006C4306 /* PhiDoor */ = {
			isa = PBXNativeTarget;
			buildConfigurationList = 67C50C142E0483AC006C4306 /* Build configuration list for PBXNativeTarget "PhiDoor" */;
			buildPhases = (
				67C50BEF2E0483AA006C4306 /* Sources */,
				67C50BF02E0483AA006C4306 /* Frameworks */,
				67C50BF12E0483AA006C4306 /* Resources */,
			);
			buildRules = (
			);
			dependencies = (
			);
			fileSystemSynchronizedGroups = (
				67C50BF52E0483AA006C4306 /* PhiDoor */,
			);
			name = PhiDoor;
			packageProductDependencies = (
			);
			productName = PhiDoor;
			productReference = 67C50BF32E0483AA006C4306 /* PhiDoor.app */;
			productType = "com.apple.product-type.application";
		};
		67C50BFF2E0483AC006C4306 /* PhiDoorTests */ = {
			isa = PBXNativeTarget;
			buildConfigurationList = 67C50C172E0483AC006C4306 /* Build configuration list for PBXNativeTarget "PhiDoorTests" */;
			buildPhases = (
				67C50BFC2E0483AC006C4306 /* Sources */,
				67C50BFD2E0483AC006C4306 /* Frameworks */,
				67C50BFE2E0483AC006C4306 /* Resources */,
			);
			buildRules = (
			);
			dependencies = (
				67C50C022E0483AC006C4306 /* PBXTargetDependency */,
			);
			fileSystemSynchronizedGroups = (
				67C50C032E0483AC006C4306 /* PhiDoorTests */,
			);
			name = PhiDoorTests;
			packageProductDependencies = (
			);
			productName = PhiDoorTests;
			productReference = 67C50C002E0483AC006C4306 /* PhiDoorTests.xctest */;
			productType = "com.apple.product-type.bundle.unit-test";
		};
		67C50C092E0483AC006C4306 /* PhiDoorUITests */ = {
			isa = PBXNativeTarget;
			buildConfigurationList = 67C50C1A2E0483AC006C4306 /* Build configuration list for PBXNativeTarget "PhiDoorUITests" */;
			buildPhases = (
				67C50C062E0483AC006C4306 /* Sources */,
				67C50C072E0483AC006C4306 /* Frameworks */,
				67C50C082E0483AC006C4306 /* Resources */,
			);
			buildRules = (
			);
			dependencies = (
				67C50C0C2E0483AC006C4306 /* PBXTargetDependency */,
			);
			fileSystemSynchronizedGroups = (
				67C50C0D2E0483AC006C4306 /* PhiDoorUITests */,
			);
			name = PhiDoorUITests;
			packageProductDependencies = (
			);
			productName = PhiDoorUITests;
			productReference = 67C50C0A2E0483AC006C4306 /* PhiDoorUITests.xctest */;
			productType = "com.apple.product-type.bundle.ui-testing";
		};
/* End PBXNativeTarget section */

/* Begin PBXProject section */
		67C50BEB2E0483A9006C4306 /* Project object */ = {
			isa = PBXProject;
			attributes = {
				BuildIndependentTargetsInParallel = 1;
				LastSwiftUpdateCheck = 1640;
				LastUpgradeCheck = 1640;
				TargetAttributes = {
					67C50BF22E0483AA006C4306 = {
						CreatedOnToolsVersion = 16.4;
					};
					67C50BFF2E0483AC006C4306 = {
						CreatedOnToolsVersion = 16.4;
						TestTargetID = 67C50BF22E0483AA006C4306;
					};
					67C50C092E0483AC006C4306 = {
						CreatedOnToolsVersion = 16.4;
						TestTargetID = 67C50BF22E0483AA006C4306;
					};
				};
			};
			buildConfigurationList = 67C50BEE2E0483A9006C4306 /* Build configuration list for PBXProject "PhiDoor" */;
			developmentRegion = en;
			hasScannedForEncodings = 0;
			knownRegions = (
				en,
				Base,
			);
			mainGroup = 67C50BEA2E0483A9006C4306;
			minimizedProjectReferenceProxies = 1;
			preferredProjectObjectVersion = 77;
			productRefGroup = 67C50BF42E0483AA006C4306 /* Products */;
			projectDirPath = "";
			projectRoot = "";
			targets = (
				67C50BF22E0483AA006C4306 /* PhiDoor */,
				67C50BFF2E0483AC006C4306 /* PhiDoorTests */,
				67C50C092E0483AC006C4306 /* PhiDoorUITests */,
			);
		};
/* End PBXProject section */

/* Begin PBXResourcesBuildPhase section */
		67C50BF12E0483AA006C4306 /* Resources */ = {
			isa = PBXResourcesBuildPhase;
			buildActionMask = 2147483647;
			files = (
			);
			runOnlyForDeploymentPostprocessing = 0;
		};
		67C50BFE2E0483AC006C4306 /* Resources */ = {
			isa = PBXResourcesBuildPhase;
			buildActionMask = 2147483647;
			files = (
			);
			runOnlyForDeploymentPostprocessing = 0;
		};
		67C50C082E0483AC006C4306 /* Resources */ = {
			isa = PBXResourcesBuildPhase;
			buildActionMask = 2147483647;
			files = (
			);
			runOnlyForDeploymentPostprocessing = 0;
		};
/* End PBXResourcesBuildPhase section */

/* Begin PBXSourcesBuildPhase section */
		67C50BEF2E0483AA006C4306 /* Sources */ = {
			isa = PBXSourcesBuildPhase;
			buildActionMask = 2147483647;
			files = (
			);
			runOnlyForDeploymentPostprocessing = 0;
		};
		67C50BFC2E0483AC006C4306 /* Sources */ = {
			isa = PBXSourcesBuildPhase;
			buildActionMask = 2147483647;
			files = (
			);
			runOnlyForDeploymentPostprocessing = 0;
		};
		67C50C062E0483AC006C4306 /* Sources */ = {
			isa = PBXSourcesBuildPhase;
			buildActionMask = 2147483647;
			files = (
			);
			runOnlyForDeploymentPostprocessing = 0;
		};
/* End PBXSourcesBuildPhase section */

/* Begin PBXTargetDependency section */
		67C50C022E0483AC006C4306 /* PBXTargetDependency */ = {
			isa = PBXTargetDependency;
			target = 67C50BF22E0483AA006C4306 /* PhiDoor */;
			targetProxy = 67C50C012E0483AC006C4306 /* PBXContainerItemProxy */;
		};
		67C50C0C2E0483AC006C4306 /* PBXTargetDependency */ = {
			isa = PBXTargetDependency;
			target = 67C50BF22E0483AA006C4306 /* PhiDoor */;
			targetProxy = 67C50C0B2E0483AC006C4306 /* PBXContainerItemProxy */;
		};
/* End PBXTargetDependency section */

/* Begin XCBuildConfiguration section */
		67C50C122E0483AC006C4306 /* Debug */ = {
			isa = XCBuildConfiguration;
			buildSettings = {
				ALWAYS_SEARCH_USER_PATHS = NO;
				ASSETCATALOG_COMPILER_GENERATE_SWIFT_ASSET_SYMBOL_EXTENSIONS = YES;
				CLANG_ANALYZER_NONNULL = YES;
				CLANG_ANALYZER_NUMBER_OBJECT_CONVERSION = YES_AGGRESSIVE;
				CLANG_CXX_LANGUAGE_STANDARD = "gnu++20";
				CLANG_ENABLE_MODULES = YES;
				CLANG_ENABLE_OBJC_ARC = YES;
				CLANG_ENABLE_OBJC_WEAK = YES;
				CLANG_WARN_BLOCK_CAPTURE_AUTORELEASING = YES;
				CLANG_WARN_BOOL_CONVERSION = YES;
				CLANG_WARN_COMMA = YES;
				CLANG_WARN_CONSTANT_CONVERSION = YES;
				CLANG_WARN_DEPRECATED_OBJC_IMPLEMENTATIONS = YES;
				CLANG_WARN_DIRECT_OBJC_ISA_USAGE = YES_ERROR;
				CLANG_WARN_DOCUMENTATION_COMMENTS = YES;
				CLANG_WARN_EMPTY_BODY = YES;
				CLANG_WARN_ENUM_CONVERSION = YES;
				CLANG_WARN_INFINITE_RECURSION = YES;
				CLANG_WARN_INT_CONVERSION = YES;
				CLANG_WARN_NON_LITERAL_NULL_CONVERSION = YES;
				CLANG_WARN_OBJC_IMPLICIT_RETAIN_SELF = YES;
				CLANG_WARN_OBJC_LITERAL_CONVERSION = YES;
				CLANG_WARN_OBJC_ROOT_CLASS = YES_ERROR;
				CLANG_WARN_QUOTED_INCLUDE_IN_FRAMEWORK_HEADER = YES;
				CLANG_WARN_RANGE_LOOP_ANALYSIS = YES;
				CLANG_WARN_STRICT_PROTOTYPES = YES;
				CLANG_WARN_SUSPICIOUS_MOVE = YES;
				CLANG_WARN_UNGUARDED_AVAILABILITY = YES_AGGRESSIVE;
				CLANG_WARN_UNREACHABLE_CODE = YES;
				CLANG_WARN__DUPLICATE_METHOD_MATCH = YES;
				COPY_PHASE_STRIP = NO;
				DEBUG_INFORMATION_FORMAT = dwarf;
				DEVELOPMENT_TEAM = NH2ZBKQ9M2;
				ENABLE_STRICT_OBJC_MSGSEND = YES;
				ENABLE_TESTABILITY = YES;
				ENABLE_USER_SCRIPT_SANDBOXING = YES;
				GCC_C_LANGUAGE_STANDARD = gnu17;
				GCC_DYNAMIC_NO_PIC = NO;
				GCC_NO_COMMON_BLOCKS = YES;
				GCC_OPTIMIZATION_LEVEL = 0;
				GCC_PREPROCESSOR_DEFINITIONS = (
					"DEBUG=1",
					"$(inherited)",
				);
				GCC_WARN_64_TO_32_BIT_CONVERSION = YES;
				GCC_WARN_ABOUT_RETURN_TYPE = YES_ERROR;
				GCC_WARN_UNDECLARED_SELECTOR = YES;
				GCC_WARN_UNINITIALIZED_AUTOS = YES_AGGRESSIVE;
				GCC_WARN_UNUSED_FUNCTION = YES;
				GCC_WARN_UNUSED_VARIABLE = YES;
				IPHONEOS_DEPLOYMENT_TARGET = 18.5;
				LOCALIZATION_PREFERS_STRING_CATALOGS = YES;
				MTL_ENABLE_DEBUG_INFO = INCLUDE_SOURCE;
				MTL_FAST_MATH = YES;
				ONLY_ACTIVE_ARCH = YES;
				SDKROOT = iphoneos;
				SWIFT_ACTIVE_COMPILATION_CONDITIONS = "DEBUG $(inherited)";
				SWIFT_OPTIMIZATION_LEVEL = "-Onone";
			};
			name = Debug;
		};
		67C50C132E0483AC006C4306 /* Release */ = {
			isa = XCBuildConfiguration;
			buildSettings = {
				ALWAYS_SEARCH_USER_PATHS = NO;
				ASSETCATALOG_COMPILER_GENERATE_SWIFT_ASSET_SYMBOL_EXTENSIONS = YES;
				CLANG_ANALYZER_NONNULL = YES;
				CLANG_ANALYZER_NUMBER_OBJECT_CONVERSION = YES_AGGRESSIVE;
				CLANG_CXX_LANGUAGE_STANDARD = "gnu++20";
				CLANG_ENABLE_MODULES = YES;
				CLANG_ENABLE_OBJC_ARC = YES;
				CLANG_ENABLE_OBJC_WEAK = YES;
				CLANG_WARN_BLOCK_CAPTURE_AUTORELEASING = YES;
				CLANG_WARN_BOOL_CONVERSION = YES;
				CLANG_WARN_COMMA = YES;
				CLANG_WARN_CONSTANT_CONVERSION = YES;
				CLANG_WARN_DEPRECATED_OBJC_IMPLEMENTATIONS = YES;
				CLANG_WARN_DIRECT_OBJC_ISA_USAGE = YES_ERROR;
				CLANG_WARN_DOCUMENTATION_COMMENTS = YES;
				CLANG_WARN_EMPTY_BODY = YES;
				CLANG_WARN_ENUM_CONVERSION = YES;
				CLANG_WARN_INFINITE_RECURSION = YES;
				CLANG_WARN_INT_CONVERSION = YES;
				CLANG_WARN_NON_LITERAL_NULL_CONVERSION = YES;
				CLANG_WARN_OBJC_IMPLICIT_RETAIN_SELF = YES;
				CLANG_WARN_OBJC_LITERAL_CONVERSION = YES;
				CLANG_WARN_OBJC_ROOT_CLASS = YES_ERROR;
				CLANG_WARN_QUOTED_INCLUDE_IN_FRAMEWORK_HEADER = YES;
				CLANG_WARN_RANGE_LOOP_ANALYSIS = YES;
				CLANG_WARN_STRICT_PROTOTYPES = YES;
				CLANG_WARN_SUSPICIOUS_MOVE = YES;
				CLANG_WARN_UNGUARDED_AVAILABILITY = YES_AGGRESSIVE;
				CLANG_WARN_UNREACHABLE_CODE = YES;
				CLANG_WARN__DUPLICATE_METHOD_MATCH = YES;
				COPY_PHASE_STRIP = NO;
				DEBUG_INFORMATION_FORMAT = "dwarf-with-dsym";
				DEVELOPMENT_TEAM = NH2ZBKQ9M2;
				ENABLE_NS_ASSERTIONS = NO;
				ENABLE_STRICT_OBJC_MSGSEND = YES;
				ENABLE_USER_SCRIPT_SANDBOXING = YES;
				GCC_C_LANGUAGE_STANDARD = gnu17;
				GCC_NO_COMMON_BLOCKS = YES;
				GCC_WARN_64_TO_32_BIT_CONVERSION = YES;
				GCC_WARN_ABOUT_RETURN_TYPE = YES_ERROR;
				GCC_WARN_UNDECLARED_SELECTOR = YES;
				GCC_WARN_UNINITIALIZED_AUTOS = YES_AGGRESSIVE;
				GCC_WARN_UNUSED_FUNCTION = YES;
				GCC_WARN_UNUSED_VARIABLE = YES;
				IPHONEOS_DEPLOYMENT_TARGET = 18.5;
				LOCALIZATION_PREFERS_STRING_CATALOGS = YES;
				MTL_ENABLE_DEBUG_INFO = NO;
				MTL_FAST_MATH = YES;
				SDKROOT = iphoneos;
				SWIFT_COMPILATION_MODE = wholemodule;
				VALIDATE_PRODUCT = YES;
			};
			name = Release;
		};
		67C50C152E0483AC006C4306 /* Debug */ = {
			isa = XCBuildConfiguration;
			buildSettings = {
				ASSETCATALOG_COMPILER_APPICON_NAME = AppIcon;
				ASSETCATALOG_COMPILER_GLOBAL_ACCENT_COLOR_NAME = AccentColor;
				CODE_SIGN_STYLE = Automatic;
				CURRENT_PROJECT_VERSION = 1;
				DEVELOPMENT_TEAM = NH2ZBKQ9M2;
				ENABLE_PREVIEWS = YES;
				GENERATE_INFOPLIST_FILE = YES;
				INFOPLIST_KEY_UIApplicationSceneManifest_Generation = YES;
				INFOPLIST_KEY_UIApplicationSupportsIndirectInputEvents = YES;
				INFOPLIST_KEY_UILaunchScreen_Generation = YES;
				INFOPLIST_KEY_UISupportedInterfaceOrientations_iPad = "UIInterfaceOrientationPortrait UIInterfaceOrientationPortraitUpsideDown UIInterfaceOrientationLandscapeLeft UIInterfaceOrientationLandscapeRight";
				INFOPLIST_KEY_UISupportedInterfaceOrientations_iPhone = "UIInterfaceOrientationPortrait UIInterfaceOrientationLandscapeLeft UIInterfaceOrientationLandscapeRight";
				LD_RUNPATH_SEARCH_PATHS = (
					"$(inherited)",
					"@executable_path/Frameworks",
				);
				MARKETING_VERSION = 1.0;
				PRODUCT_BUNDLE_IDENTIFIER = philippe.PhiDoor;
				PRODUCT_NAME = "$(TARGET_NAME)";
				SWIFT_EMIT_LOC_STRINGS = YES;
				SWIFT_VERSION = 5.0;
				TARGETED_DEVICE_FAMILY = "1,2";
			};
			name = Debug;
		};
		67C50C162E0483AC006C4306 /* Release */ = {
			isa = XCBuildConfiguration;
			buildSettings = {
				ASSETCATALOG_COMPILER_APPICON_NAME = AppIcon;
				ASSETCATALOG_COMPILER_GLOBAL_ACCENT_COLOR_NAME = AccentColor;
				CODE_SIGN_STYLE = Automatic;
				CURRENT_PROJECT_VERSION = 1;
				DEVELOPMENT_TEAM = NH2ZBKQ9M2;
				ENABLE_PREVIEWS = YES;
				GENERATE_INFOPLIST_FILE = YES;
				INFOPLIST_KEY_UIApplicationSceneManifest_Generation = YES;
				INFOPLIST_KEY_UIApplicationSupportsIndirectInputEvents = YES;
				INFOPLIST_KEY_UILaunchScreen_Generation = YES;
				INFOPLIST_KEY_UISupportedInterfaceOrientations_iPad = "UIInterfaceOrientationPortrait UIInterfaceOrientationPortraitUpsideDown UIInterfaceOrientationLandscapeLeft UIInterfaceOrientationLandscapeRight";
				INFOPLIST_KEY_UISupportedInterfaceOrientations_iPhone = "UIInterfaceOrientationPortrait UIInterfaceOrientationLandscapeLeft UIInterfaceOrientationLandscapeRight";
				LD_RUNPATH_SEARCH_PATHS = (
					"$(inherited)",
					"@executable_path/Frameworks",
				);
				MARKETING_VERSION = 1.0;
				PRODUCT_BUNDLE_IDENTIFIER = philippe.PhiDoor;
				PRODUCT_NAME = "$(TARGET_NAME)";
				SWIFT_EMIT_LOC_STRINGS = YES;
				SWIFT_VERSION = 5.0;
				TARGETED_DEVICE_FAMILY = "1,2";
			};
			name = Release;
		};
		67C50C182E0483AC006C4306 /* Debug */ = {
			isa = XCBuildConfiguration;
			buildSettings = {
				BUNDLE_LOADER = "$(TEST_HOST)";
				CODE_SIGN_STYLE = Automatic;
				CURRENT_PROJECT_VERSION = 1;
				DEVELOPMENT_TEAM = NH2ZBKQ9M2;
				GENERATE_INFOPLIST_FILE = YES;
				IPHONEOS_DEPLOYMENT_TARGET = 18.5;
				MARKETING_VERSION = 1.0;
				PRODUCT_BUNDLE_IDENTIFIER = philippe.PhiDoorTests;
				PRODUCT_NAME = "$(TARGET_NAME)";
				SWIFT_EMIT_LOC_STRINGS = NO;
				SWIFT_VERSION = 5.0;
				TARGETED_DEVICE_FAMILY = "1,2";
				TEST_HOST = "$(BUILT_PRODUCTS_DIR)/PhiDoor.app/$(BUNDLE_EXECUTABLE_FOLDER_PATH)/PhiDoor";
			};
			name = Debug;
		};
		67C50C192E0483AC006C4306 /* Release */ = {
			isa = XCBuildConfiguration;
			buildSettings = {
				BUNDLE_LOADER = "$(TEST_HOST)";
				CODE_SIGN_STYLE = Automatic;
				CURRENT_PROJECT_VERSION = 1;
				DEVELOPMENT_TEAM = NH2ZBKQ9M2;
				GENERATE_INFOPLIST_FILE = YES;
				IPHONEOS_DEPLOYMENT_TARGET = 18.5;
				MARKETING_VERSION = 1.0;
				PRODUCT_BUNDLE_IDENTIFIER = philippe.PhiDoorTests;
				PRODUCT_NAME = "$(TARGET_NAME)";
				SWIFT_EMIT_LOC_STRINGS = NO;
				SWIFT_VERSION = 5.0;
				TARGETED_DEVICE_FAMILY = "1,2";
				TEST_HOST = "$(BUILT_PRODUCTS_DIR)/PhiDoor.app/$(BUNDLE_EXECUTABLE_FOLDER_PATH)/PhiDoor";
			};
			name = Release;
		};
		67C50C1B2E0483AC006C4306 /* Debug */ = {
			isa = XCBuildConfiguration;
			buildSettings = {
				CODE_SIGN_STYLE = Automatic;
				CURRENT_PROJECT_VERSION = 1;
				DEVELOPMENT_TEAM = NH2ZBKQ9M2;
				GENERATE_INFOPLIST_FILE = YES;
				MARKETING_VERSION = 1.0;
				PRODUCT_BUNDLE_IDENTIFIER = philippe.PhiDoorUITests;
				PRODUCT_NAME = "$(TARGET_NAME)";
				SWIFT_EMIT_LOC_STRINGS = NO;
				SWIFT_VERSION = 5.0;
				TARGETED_DEVICE_FAMILY = "1,2";
				TEST_TARGET_NAME = PhiDoor;
			};
			name = Debug;
		};
		67C50C1C2E0483AC006C4306 /* Release */ = {
			isa = XCBuildConfiguration;
			buildSettings = {
				CODE_SIGN_STYLE = Automatic;
				CURRENT_PROJECT_VERSION = 1;
				DEVELOPMENT_TEAM = NH2ZBKQ9M2;
				GENERATE_INFOPLIST_FILE = YES;
				MARKETING_VERSION = 1.0;
				PRODUCT_BUNDLE_IDENTIFIER = philippe.PhiDoorUITests;
				PRODUCT_NAME = "$(TARGET_NAME)";
				SWIFT_EMIT_LOC_STRINGS = NO;
				SWIFT_VERSION = 5.0;
				TARGETED_DEVICE_FAMILY = "1,2";
				TEST_TARGET_NAME = PhiDoor;
			};
			name = Release;
		};
/* End XCBuildConfiguration section */

/* Begin XCConfigurationList section */
		67C50BEE2E0483A9006C4306 /* Build configuration list for PBXProject "PhiDoor" */ = {
			isa = XCConfigurationList;
			buildConfigurations = (
				67C50C122E0483AC006C4306 /* Debug */,
				67C50C132E0483AC006C4306 /* Release */,
			);
			defaultConfigurationIsVisible = 0;
			defaultConfigurationName = Release;
		};
		67C50C142E0483AC006C4306 /* Build configuration list for PBXNativeTarget "PhiDoor" */ = {
			isa = XCConfigurationList;
			buildConfigurations = (
				67C50C152E0483AC006C4306 /* Debug */,
				67C50C162E0483AC006C4306 /* Release */,
			);
			defaultConfigurationIsVisible = 0;
			defaultConfigurationName = Release;
		};
		67C50C172E0483AC006C4306 /* Build configuration list for PBXNativeTarget "PhiDoorTests" */ = {
			isa = XCConfigurationList;
			buildConfigurations = (
				67C50C182E0483AC006C4306 /* Debug */,
				67C50C192E0483AC006C4306 /* Release */,
			);
			defaultConfigurationIsVisible = 0;
			defaultConfigurationName = Release;
		};
		67C50C1A2E0483AC006C4306 /* Build configuration list for PBXNativeTarget "PhiDoorUITests" */ = {
			isa = XCConfigurationList;
			buildConfigurations = (
				67C50C1B2E0483AC006C4306 /* Debug */,
				67C50C1C2E0483AC006C4306 /* Release */,
			);
			defaultConfigurationIsVisible = 0;
			defaultConfigurationName = Release;
		};
/* End XCConfigurationList section */
	};
	rootObject = 67C50BEB2E0483A9006C4306 /* Project object */;
}
